
Microsoft Visual Studio Solution File, Format Version 12.00
# Visual Studio 15
Project("{FAE04EC0-301F-11D3-BF4B-00C04F79EFBC}") = "Stage-opdracht", "Assembly-CSharp.csproj", "{907284CA-AE3A-E28E-D87C-67EBB5BF5D41}"
EndProject
Project("{FAE04EC0-301F-11D3-BF4B-00C04F79EFBC}") = "Stage-opdracht", "Assembly-CSharp-Editor.csproj", "{DA9C1339-6ED9-EAEE-8C7E-9BB1B4EB3595}"
EndProject
Global
	GlobalSection(SolutionConfigurationPlatforms) = preSolution
		Debug|Any CPU = Debug|Any CPU
		Release|Any CPU = Release|Any CPU
	EndGlobalSection
	GlobalSection(ProjectConfigurationPlatforms) = postSolution
		{907284CA-AE3A-E28E-D87C-67EBB5BF5D41}.Debug|Any CPU.ActiveCfg = Debug|Any CPU
		{907284CA-AE3A-E28E-D87C-67EBB5BF5D41}.Debug|Any CPU.Build.0 = Debug|Any CPU
		{907284CA-AE3A-E28E-D87C-67EBB5BF5D41}.Release|Any CPU.ActiveCfg = Release|Any CPU
		{907284CA-AE3A-E28E-D87C-67EBB5BF5D41}.Release|Any CPU.Build.0 = Release|Any CPU
		{DA9C1339-6ED9-EAEE-8C7E-9BB1B4EB3595}.Debug|Any CPU.ActiveCfg = Debug|Any CPU
		{DA9C1339-6ED9-EAEE-8C7E-9BB1B4EB3595}.Debug|Any CPU.Build.0 = Debug|Any CPU
		{DA9C1339-6ED9-EAEE-8C7E-9BB1B4EB3595}.Release|Any CPU.ActiveCfg = Release|Any CPU
		{DA9C1339-6ED9-EAEE-8C7E-9BB1B4EB3595}.Release|Any CPU.Build.0 = Release|Any CPU
	EndGlobalSection
	GlobalSection(SolutionProperties) = preSolution
		HideSolutionNode = FALSE
	EndGlobalSection
EndGlobal
